{
  "name": "frontend",
  "lockfileVersion": 3,
  "requires": true,
  "packages": {
    "": {
      "dependencies": {
        "papaparse": "^5.4.1",
        "react-make-csv": "^0.0.1"
      }
    },
    "node_modules/papaparse": {
      "version": "5.4.1",
      "resolved": "https://registry.npmjs.org/papaparse/-/papaparse-5.4.1.tgz",
      "integrity": "sha512-HipMsgJkZu8br23pW15uvo6sib6wne/4woLZPlFf3rpDyMe9ywEXUsuD7+6K9PRkJlVT51j/sCOYDKGGS3ZJrw=="
    },
    "node_modules/react-make-csv": {
      "version": "0.0.1",
      "resolved": "https://registry.npmjs.org/react-make-csv/-/react-make-csv-0.0.1.tgz",
      "integrity": "sha512-raHBAdc2BM1N0BpWEknqoQkET6sHEanydfiMj2QZuRPOVYeYt3NQ/KI9I7ubYkKwnaQfHhwjGU0guq/rjmA4zw==",
      "engines": {
        "node": ">=12.0"
      }
    }
  }
}
